
Microsoft Visual Studio Solution File, Format Version 12.00
# Visual Studio 15
Project("{FAE04EC0-301F-11D3-BF4B-00C04F79EFBC}") = "Ebisu", "Ebisu.csproj", "{2547D41A-A83F-48D0-A918-83F4750C7283}"
EndProject
Global
	GlobalSection(SolutionConfigurationPlatforms) = preSolution
		Debug|Any CPU = Debug|Any CPU
		Release|Any CPU = Release|Any CPU
	EndGlobalSection
	GlobalSection(ProjectConfigurationPlatforms) = postSolution
		{2547D41A-A83F-48D0-A918-83F4750C7283}.Debug|Any CPU.ActiveCfg = Debug|Any CPU
		{2547D41A-A83F-48D0-A918-83F4750C7283}.Debug|Any CPU.Build.0 = Debug|Any CPU
		{2547D41A-A83F-48D0-A918-83F4750C7283}.Release|Any CPU.ActiveCfg = Release|Any CPU
		{2547D41A-A83F-48D0-A918-83F4750C7283}.Release|Any CPU.Build.0 = Release|Any CPU
	EndGlobalSection
EndGlobal
